// !$*UTF8*$!
{
	archiveVersion = 1;
	classes = {
	};
	objectVersion = 50;
	objects = {

/* Begin PBXBuildFile section */
		9C569F8022C09F3600365BCB /* ColorsData.swift in Sources */ = {isa = PBXBuildFile; fileRef = 9C569F7F22C09F3600365BCB /* ColorsData.swift */; };
		9CEBBFB222BF224E00A8E874 /* Preview Assets.xcassets in Resources */ = {isa = PBXBuildFile; fileRef = 9CEBBFB122BF224E00A8E874 /* Preview Assets.xcassets */; };
		9CEBBFC922C04DF800A8E874 /* SceneDelegate.swift in Sources */ = {isa = PBXBuildFile; fileRef = 9CEBBFC722C04DF800A8E874 /* SceneDelegate.swift */; };
		9CEBBFCA22C04DF800A8E874 /* AppDelegate.swift in Sources */ = {isa = PBXBuildFile; fileRef = 9CEBBFC822C04DF800A8E874 /* AppDelegate.swift */; };
		9CEBBFCF22C04E0800A8E874 /* HomeView.swift in Sources */ = {isa = PBXBuildFile; fileRef = 9CEBBFCB22C04E0800A8E874 /* HomeView.swift */; };
		9CEBBFD022C04E0800A8E874 /* ContentView.swift in Sources */ = {isa = PBXBuildFile; fileRef = 9CEBBFCC22C04E0800A8E874 /* ContentView.swift */; };
		9CEBBFD222C04E0800A8E874 /* SideMenuView.swift in Sources */ = {isa = PBXBuildFile; fileRef = 9CEBBFCE22C04E0800A8E874 /* SideMenuView.swift */; };
		9CEBBFD922C04E1400A8E874 /* Assets.xcassets in Resources */ = {isa = PBXBuildFile; fileRef = 9CEBBFD422C04E1400A8E874 /* Assets.xcassets */; };
		9CEBBFDD22C04E2300A8E874 /* LaunchScreen.storyboard in Resources */ = {isa = PBXBuildFile; fileRef = 9CEBBFDB22C04E2300A8E874 /* LaunchScreen.storyboard */; };
		9CEBBFDF22C04E9E00A8E874 /* UserSelection.swift in Sources */ = {isa = PBXBuildFile; fileRef = 9CEBBFDE22C04E9E00A8E874 /* UserSelection.swift */; };
/* End PBXBuildFile section */

/* Begin PBXFileReference section */
		9C569F7F22C09F3600365BCB /* ColorsData.swift */ = {isa = PBXFileReference; lastKnownFileType = sourcecode.swift; path = ColorsData.swift; sourceTree = "<group>"; };
		9CEBBFA522BF224D00A8E874 /* SlideIn.app */ = {isa = PBXFileReference; explicitFileType = wrapper.application; includeInIndex = 0; path = SlideIn.app; sourceTree = BUILT_PRODUCTS_DIR; };
		9CEBBFB122BF224E00A8E874 /* Preview Assets.xcassets */ = {isa = PBXFileReference; lastKnownFileType = folder.assetcatalog; path = "Preview Assets.xcassets"; sourceTree = "<group>"; };
		9CEBBFC722C04DF800A8E874 /* SceneDelegate.swift */ = {isa = PBXFileReference; fileEncoding = 4; lastKnownFileType = sourcecode.swift; path = SceneDelegate.swift; sourceTree = "<group>"; };
		9CEBBFC822C04DF800A8E874 /* AppDelegate.swift */ = {isa = PBXFileReference; fileEncoding = 4; lastKnownFileType = sourcecode.swift; path = AppDelegate.swift; sourceTree = "<group>"; };
		9CEBBFCB22C04E0800A8E874 /* HomeView.swift */ = {isa = PBXFileReference; fileEncoding = 4; lastKnownFileType = sourcecode.swift; path = HomeView.swift; sourceTree = "<group>"; };
		9CEBBFCC22C04E0800A8E874 /* ContentView.swift */ = {isa = PBXFileReference; fileEncoding = 4; lastKnownFileType = sourcecode.swift; path = ContentView.swift; sourceTree = "<group>"; };
		9CEBBFCE22C04E0800A8E874 /* SideMenuView.swift */ = {isa = PBXFileReference; fileEncoding = 4; lastKnownFileType = sourcecode.swift; path = SideMenuView.swift; sourceTree = "<group>"; };
		9CEBBFD322C04E1400A8E874 /* Info.plist */ = {isa = PBXFileReference; fileEncoding = 4; lastKnownFileType = text.plist.xml; path = Info.plist; sourceTree = "<group>"; };
		9CEBBFD422C04E1400A8E874 /* Assets.xcassets */ = {isa = PBXFileReference; lastKnownFileType = folder.assetcatalog; path = Assets.xcassets; sourceTree = "<group>"; };
		9CEBBFDC22C04E2300A8E874 /* Base */ = {isa = PBXFileReference; lastKnownFileType = file.storyboard; name = Base; path = Base.lproj/LaunchScreen.storyboard; sourceTree = "<group>"; };
		9CEBBFDE22C04E9E00A8E874 /* UserSelection.swift */ = {isa = PBXFileReference; lastKnownFileType = sourcecode.swift; path = UserSelection.swift; sourceTree = "<group>"; };
/* End PBXFileReference section */

/* Begin PBXFrameworksBuildPhase section */
		9CEBBFA222BF224D00A8E874 /* Frameworks */ = {
			isa = PBXFrameworksBuildPhase;
			buildActionMask = 2147483647;
			files = (
			);
			runOnlyForDeploymentPostprocessing = 0;
		};
/* End PBXFrameworksBuildPhase section */

/* Begin PBXGroup section */
		9CEBBF9C22BF224D00A8E874 = {
			isa = PBXGroup;
			children = (
				9CEBBFA722BF224D00A8E874 /* SlideIn */,
				9CEBBFA622BF224D00A8E874 /* Products */,
			);
			sourceTree = "<group>";
		};
		9CEBBFA622BF224D00A8E874 /* Products */ = {
			isa = PBXGroup;
			children = (
				9CEBBFA522BF224D00A8E874 /* SlideIn.app */,
			);
			name = Products;
			sourceTree = "<group>";
		};
		9CEBBFA722BF224D00A8E874 /* SlideIn */ = {
			isa = PBXGroup;
			children = (
				9CEBBFC222C04D8400A8E874 /* Source */,
				9CEBBFB022BF224E00A8E874 /* Preview Content */,
			);
			path = SlideIn;
			sourceTree = "<group>";
		};
		9CEBBFB022BF224E00A8E874 /* Preview Content */ = {
			isa = PBXGroup;
			children = (
				9CEBBFB122BF224E00A8E874 /* Preview Assets.xcassets */,
			);
			path = "Preview Content";
			sourceTree = "<group>";
		};
		9CEBBFC222C04D8400A8E874 /* Source */ = {
			isa = PBXGroup;
			children = (
				9CEBBFC522C04DA300A8E874 /* Delegate */,
				9CEBBFC422C04D9B00A8E874 /* View */,
				9CEBBFC322C04D9100A8E874 /* DataModel */,
				9CEBBFC622C04DAF00A8E874 /* Resources */,
			);
			path = Source;
			sourceTree = "<group>";
		};
		9CEBBFC322C04D9100A8E874 /* DataModel */ = {
			isa = PBXGroup;
			children = (
				9CEBBFDE22C04E9E00A8E874 /* UserSelection.swift */,
				9C569F7F22C09F3600365BCB /* ColorsData.swift */,
			);
			path = DataModel;
			sourceTree = "<group>";
		};
		9CEBBFC422C04D9B00A8E874 /* View */ = {
			isa = PBXGroup;
			children = (
				9CEBBFCC22C04E0800A8E874 /* ContentView.swift */,
				9CEBBFCB22C04E0800A8E874 /* HomeView.swift */,
				9CEBBFCE22C04E0800A8E874 /* SideMenuView.swift */,
			);
			path = View;
			sourceTree = "<group>";
		};
		9CEBBFC522C04DA300A8E874 /* Delegate */ = {
			isa = PBXGroup;
			children = (
				9CEBBFC822C04DF800A8E874 /* AppDelegate.swift */,
				9CEBBFC722C04DF800A8E874 /* SceneDelegate.swift */,
			);
			path = Delegate;
			sourceTree = "<group>";
		};
		9CEBBFC622C04DAF00A8E874 /* Resources */ = {
			isa = PBXGroup;
			children = (
				9CEBBFDB22C04E2300A8E874 /* LaunchScreen.storyboard */,
				9CEBBFD422C04E1400A8E874 /* Assets.xcassets */,
				9CEBBFD322C04E1400A8E874 /* Info.plist */,
			);
			path = Resources;
			sourceTree = "<group>";
		};
/* End PBXGroup section */

/* Begin PBXNativeTarget section */
		9CEBBFA422BF224D00A8E874 /* SlideIn */ = {
			isa = PBXNativeTarget;
			buildConfigurationList = 9CEBBFB922BF224E00A8E874 /* Build configuration list for PBXNativeTarget "SlideIn" */;
			buildPhases = (
				9CEBBFA122BF224D00A8E874 /* Sources */,
				9CEBBFA222BF224D00A8E874 /* Frameworks */,
				9CEBBFA322BF224D00A8E874 /* Resources */,
			);
			buildRules = (
			);
			dependencies = (
			);
			name = SlideIn;
			productName = SlideIn;
			productReference = 9CEBBFA522BF224D00A8E874 /* SlideIn.app */;
			productType = "com.apple.product-type.application";
		};
/* End PBXNativeTarget section */

/* Begin PBXProject section */
		9CEBBF9D22BF224D00A8E874 /* Project object */ = {
			isa = PBXProject;
			attributes = {
				LastSwiftUpdateCheck = 1100;
				LastUpgradeCheck = 1100;
				ORGANIZATIONNAME = MyCompany;
				TargetAttributes = {
					9CEBBFA422BF224D00A8E874 = {
						CreatedOnToolsVersion = 11.0;
						LastSwiftMigration = 1100;
					};
				};
			};
			buildConfigurationList = 9CEBBFA022BF224D00A8E874 /* Build configuration list for PBXProject "SlideIn" */;
			compatibilityVersion = "Xcode 9.3";
			developmentRegion = en;
			hasScannedForEncodings = 0;
			knownRegions = (
				en,
				Base,
			);
			mainGroup = 9CEBBF9C22BF224D00A8E874;
			productRefGroup = 9CEBBFA622BF224D00A8E874 /* Products */;
			projectDirPath = "";
			projectRoot = "";
			targets = (
				9CEBBFA422BF224D00A8E874 /* SlideIn */,
			);
		};
/* End PBXProject section */

/* Begin PBXResourcesBuildPhase section */
		9CEBBFA322BF224D00A8E874 /* Resources */ = {
			isa = PBXResourcesBuildPhase;
			buildActionMask = 2147483647;
			files = (
				9CEBBFDD22C04E2300A8E874 /* LaunchScreen.storyboard in Resources */,
				9CEBBFD922C04E1400A8E874 /* Assets.xcassets in Resources */,
				9CEBBFB222BF224E00A8E874 /* Preview Assets.xcassets in Resources */,
			);
			runOnlyForDeploymentPostprocessing = 0;
		};
/* End PBXResourcesBuildPhase section */

/* Begin PBXSourcesBuildPhase section */
		9CEBBFA122BF224D00A8E874 /* Sources */ = {
			isa = PBXSourcesBuildPhase;
			buildActionMask = 2147483647;
			files = (
				9CEBBFD222C04E0800A8E874 /* SideMenuView.swift in Sources */,
				9CEBBFCF22C04E0800A8E874 /* HomeView.swift in Sources */,
				9CEBBFCA22C04DF800A8E874 /* AppDelegate.swift in Sources */,
				9CEBBFD022C04E0800A8E874 /* ContentView.swift in Sources */,
				9CEBBFDF22C04E9E00A8E874 /* UserSelection.swift in Sources */,
				9CEBBFC922C04DF800A8E874 /* SceneDelegate.swift in Sources */,
				9C569F8022C09F3600365BCB /* ColorsData.swift in Sources */,
			);
			runOnlyForDeploymentPostprocessing = 0;
		};
/* End PBXSourcesBuildPhase section */

/* Begin PBXVariantGroup section */
		9CEBBFDB22C04E2300A8E874 /* LaunchScreen.storyboard */ = {
			isa = PBXVariantGroup;
			children = (
				9CEBBFDC22C04E2300A8E874 /* Base */,
			);
			name = LaunchScreen.storyboard;
			sourceTree = "<group>";
		};
/* End PBXVariantGroup section */

/* Begin XCBuildConfiguration section */
		9CEBBFB722BF224E00A8E874 /* Debug */ = {
			isa = XCBuildConfiguration;
			buildSettings = {
				ALWAYS_SEARCH_USER_PATHS = NO;
				CLANG_ANALYZER_NONNULL = YES;
				CLANG_ANALYZER_NUMBER_OBJECT_CONVERSION = YES_AGGRESSIVE;
				CLANG_CXX_LANGUAGE_STANDARD = "gnu++14";
				CLANG_CXX_LIBRARY = "libc++";
				CLANG_ENABLE_MODULES = YES;
				CLANG_ENABLE_OBJC_ARC = YES;
				CLANG_ENABLE_OBJC_WEAK = YES;
				CLANG_WARN_BLOCK_CAPTURE_AUTORELEASING = YES;
				CLANG_WARN_BOOL_CONVERSION = YES;
				CLANG_WARN_COMMA = YES;
				CLANG_WARN_CONSTANT_CONVERSION = YES;
				CLANG_WARN_DEPRECATED_OBJC_IMPLEMENTATIONS = YES;
				CLANG_WARN_DIRECT_OBJC_ISA_USAGE = YES_ERROR;
				CLANG_WARN_DOCUMENTATION_COMMENTS = YES;
				CLANG_WARN_EMPTY_BODY = YES;
				CLANG_WARN_ENUM_CONVERSION = YES;
				CLANG_WARN_INFINITE_RECURSION = YES;
				CLANG_WARN_INT_CONVERSION = YES;
				CLANG_WARN_NON_LITERAL_NULL_CONVERSION = YES;
				CLANG_WARN_OBJC_IMPLICIT_RETAIN_SELF = YES;
				CLANG_WARN_OBJC_LITERAL_CONVERSION = YES;
				CLANG_WARN_OBJC_ROOT_CLASS = YES_ERROR;
				CLANG_WARN_RANGE_LOOP_ANALYSIS = YES;
				CLANG_WARN_STRICT_PROTOTYPES = YES;
				CLANG_WARN_SUSPICIOUS_MOVE = YES;
				CLANG_WARN_UNGUARDED_AVAILABILITY = YES_AGGRESSIVE;
				CLANG_WARN_UNREACHABLE_CODE = YES;
				CLANG_WARN__DUPLICATE_METHOD_MATCH = YES;
				COPY_PHASE_STRIP = NO;
				DEBUG_INFORMATION_FORMAT = dwarf;
				ENABLE_STRICT_OBJC_MSGSEND = YES;
				ENABLE_TESTABILITY = YES;
				GCC_C_LANGUAGE_STANDARD = gnu11;
				GCC_DYNAMIC_NO_PIC = NO;
				GCC_NO_COMMON_BLOCKS = YES;
				GCC_OPTIMIZATION_LEVEL = 0;
				GCC_PREPROCESSOR_DEFINITIONS = (
					"DEBUG=1",
					"$(inherited)",
				);
				GCC_WARN_64_TO_32_BIT_CONVERSION = YES;
				GCC_WARN_ABOUT_RETURN_TYPE = YES_ERROR;
				GCC_WARN_UNDECLARED_SELECTOR = YES;
				GCC_WARN_UNINITIALIZED_AUTOS = YES_AGGRESSIVE;
				GCC_WARN_UNUSED_FUNCTION = YES;
				GCC_WARN_UNUSED_VARIABLE = YES;
				IPHONEOS_DEPLOYMENT_TARGET = 13.0;
				MTL_ENABLE_DEBUG_INFO = INCLUDE_SOURCE;
				MTL_FAST_MATH = YES;
				ONLY_ACTIVE_ARCH = YES;
				SDKROOT = iphoneos;
				SWIFT_ACTIVE_COMPILATION_CONDITIONS = DEBUG;
				SWIFT_OPTIMIZATION_LEVEL = "-Onone";
			};
			name = Debug;
		};
		9CEBBFB822BF224E00A8E874 /* Release */ = {
			isa = XCBuildConfiguration;
			buildSettings = {
				ALWAYS_SEARCH_USER_PATHS = NO;
				CLANG_ANALYZER_NONNULL = YES;
				CLANG_ANALYZER_NUMBER_OBJECT_CONVERSION = YES_AGGRESSIVE;
				CLANG_CXX_LANGUAGE_STANDARD = "gnu++14";
				CLANG_CXX_LIBRARY = "libc++";
				CLANG_ENABLE_MODULES = YES;
				CLANG_ENABLE_OBJC_ARC = YES;
				CLANG_ENABLE_OBJC_WEAK = YES;
				CLANG_WARN_BLOCK_CAPTURE_AUTORELEASING = YES;
				CLANG_WARN_BOOL_CONVERSION = YES;
				CLANG_WARN_COMMA = YES;
				CLANG_WARN_CONSTANT_CONVERSION = YES;
				CLANG_WARN_DEPRECATED_OBJC_IMPLEMENTATIONS = YES;
				CLANG_WARN_DIRECT_OBJC_ISA_USAGE = YES_ERROR;
				CLANG_WARN_DOCUMENTATION_COMMENTS = YES;
				CLANG_WARN_EMPTY_BODY = YES;
				CLANG_WARN_ENUM_CONVERSION = YES;
				CLANG_WARN_INFINITE_RECURSION = YES;
				CLANG_WARN_INT_CONVERSION = YES;
				CLANG_WARN_NON_LITERAL_NULL_CONVERSION = YES;
				CLANG_WARN_OBJC_IMPLICIT_RETAIN_SELF = YES;
				CLANG_WARN_OBJC_LITERAL_CONVERSION = YES;
				CLANG_WARN_OBJC_ROOT_CLASS = YES_ERROR;
				CLANG_WARN_RANGE_LOOP_ANALYSIS = YES;
				CLANG_WARN_STRICT_PROTOTYPES = YES;
				CLANG_WARN_SUSPICIOUS_MOVE = YES;
				CLANG_WARN_UNGUARDED_AVAILABILITY = YES_AGGRESSIVE;
				CLANG_WARN_UNREACHABLE_CODE = YES;
				CLANG_WARN__DUPLICATE_METHOD_MATCH = YES;
				COPY_PHASE_STRIP = NO;
				DEBUG_INFORMATION_FORMAT = "dwarf-with-dsym";
				ENABLE_NS_ASSERTIONS = NO;
				ENABLE_STRICT_OBJC_MSGSEND = YES;
				GCC_C_LANGUAGE_STANDARD = gnu11;
				GCC_NO_COMMON_BLOCKS = YES;
				GCC_WARN_64_TO_32_BIT_CONVERSION = YES;
				GCC_WARN_ABOUT_RETURN_TYPE = YES_ERROR;
				GCC_WARN_UNDECLARED_SELECTOR = YES;
				GCC_WARN_UNINITIALIZED_AUTOS = YES_AGGRESSIVE;
				GCC_WARN_UNUSED_FUNCTION = YES;
				GCC_WARN_UNUSED_VARIABLE = YES;
				IPHONEOS_DEPLOYMENT_TARGET = 13.0;
				MTL_ENABLE_DEBUG_INFO = NO;
				MTL_FAST_MATH = YES;
				SDKROOT = iphoneos;
				SWIFT_COMPILATION_MODE = wholemodule;
				SWIFT_OPTIMIZATION_LEVEL = "-O";
				VALIDATE_PRODUCT = YES;
			};
			name = Release;
		};
		9CEBBFBA22BF224E00A8E874 /* Debug */ = {
			isa = XCBuildConfiguration;
			buildSettings = {
				ASSETCATALOG_COMPILER_APPICON_NAME = AppIcon;
				CLANG_ENABLE_MODULES = YES;
				CODE_SIGN_STYLE = Automatic;
				DEVELOPMENT_ASSET_PATHS = "SlideIn/Preview\\ Content";
				ENABLE_PREVIEWS = YES;
				INFOPLIST_FILE = SlideIn/Source/Resources/Info.plist;
				LD_RUNPATH_SEARCH_PATHS = (
					"$(inherited)",
					"@executable_path/Frameworks",
				);
				PRODUCT_BUNDLE_IDENTIFIER = com.SlideIn;
				PRODUCT_NAME = "$(TARGET_NAME)";
				SWIFT_OPTIMIZATION_LEVEL = "-Onone";
				SWIFT_VERSION = 5.0;
				TARGETED_DEVICE_FAMILY = "1,2";
			};
			name = Debug;
		};
		9CEBBFBB22BF224E00A8E874 /* Release */ = {
			isa = XCBuildConfiguration;
			buildSettings = {
				ASSETCATALOG_COMPILER_APPICON_NAME = AppIcon;
				CLANG_ENABLE_MODULES = YES;
				CODE_SIGN_STYLE = Automatic;
				DEVELOPMENT_ASSET_PATHS = "SlideIn/Preview\\ Content";
				ENABLE_PREVIEWS = YES;
				INFOPLIST_FILE = SlideIn/Source/Resources/Info.plist;
				LD_RUNPATH_SEARCH_PATHS = (
					"$(inherited)",
					"@executable_path/Frameworks",
				);
				PRODUCT_BUNDLE_IDENTIFIER = com.SlideIn;
				PRODUCT_NAME = "$(TARGET_NAME)";
				SWIFT_VERSION = 5.0;
				TARGETED_DEVICE_FAMILY = "1,2";
			};
			name = Release;
		};
/* End XCBuildConfiguration section */

/* Begin XCConfigurationList section */
		9CEBBFA022BF224D00A8E874 /* Build configuration list for PBXProject "SlideIn" */ = {
			isa = XCConfigurationList;
			buildConfigurations = (
				9CEBBFB722BF224E00A8E874 /* Debug */,
				9CEBBFB822BF224E00A8E874 /* Release */,
			);
			defaultConfigurationIsVisible = 0;
			defaultConfigurationName = Release;
		};
		9CEBBFB922BF224E00A8E874 /* Build configuration list for PBXNativeTarget "SlideIn" */ = {
			isa = XCConfigurationList;
			buildConfigurations = (
				9CEBBFBA22BF224E00A8E874 /* Debug */,
				9CEBBFBB22BF224E00A8E874 /* Release */,
			);
			defaultConfigurationIsVisible = 0;
			defaultConfigurationName = Release;
		};
/* End XCConfigurationList section */
	};
	rootObject = 9CEBBF9D22BF224D00A8E874 /* Project object */;
}
